
Microsoft Visual Studio Solution File, Format Version 12.00
# Visual Studio Version 16
VisualStudioVersion = 16.0.30204.135
MinimumVisualStudioVersion = 15.0.26124.0
Project("{2150E333-8FDC-42A3-9474-1A3956D46DE8}") = "src", "src", "{4E1E296F-80F9-4877-9253-D1EE43F6AB72}"
EndProject
Project("{6EC3EE1D-3C4E-46DD-8F32-0CC8E7565705}") = "LuaChecker.Checker", "src\checker\LuaChecker.Checker.fsproj", "{5770A20B-F2ED-4698-B5F2-C7E1E81CBE7F}"
EndProject
Project("{2150E333-8FDC-42A3-9474-1A3956D46DE8}") = "test", "test", "{6ABE3D27-26FF-4049-8988-04823950AC96}"
EndProject
Project("{6EC3EE1D-3C4E-46DD-8F32-0CC8E7565705}") = "LuaChecker.Checker.Tests", "test\Checker.Tests\LuaChecker.Checker.Tests.fsproj", "{E23FAEBA-E334-4BB9-84B2-FCAD089DD803}"
EndProject
Project("{6EC3EE1D-3C4E-46DD-8F32-0CC8E7565705}") = "LuaChecker.Primitives", "src\Primitives\LuaChecker.Primitives.fsproj", "{45D0B2BE-45B2-4B2B-9CBF-6BBF784E7C86}"
EndProject
Project("{6EC3EE1D-3C4E-46DD-8F32-0CC8E7565705}") = "LuaChecker.JsonExtensions", "src\JsonExtensions\LuaChecker.JsonExtensions.fsproj", "{17D55A06-B333-4807-874D-D0DF0616B841}"
EndProject
Project("{6EC3EE1D-3C4E-46DD-8F32-0CC8E7565705}") = "LuaChecker.JsonExtensions.Tests", "test\JsonExtensions.Tests\LuaChecker.JsonExtensions.Tests.fsproj", "{EF38915B-7FC9-4DF4-8DB6-BFB95B064AE9}"
EndProject
Project("{6EC3EE1D-3C4E-46DD-8F32-0CC8E7565705}") = "LuaChecker.Protocol", "src\Protocol\LuaChecker.Protocol.fsproj", "{16B927A7-FC6F-480F-B470-BF8F37D8C145}"
EndProject
Project("{6EC3EE1D-3C4E-46DD-8F32-0CC8E7565705}") = "server", "src\server\server.fsproj", "{ED3A8261-DF9F-421F-B7B0-DAFA192163D6}"
	ProjectSection(ProjectDependencies) = postProject
		{E1962383-8788-4F58-B376-035BFAF13FE9} = {E1962383-8788-4F58-B376-035BFAF13FE9}
	EndProjectSection
EndProject
Project("{2150E333-8FDC-42A3-9474-1A3956D46DE8}") = "Solution Items", "Solution Items", "{1B05EB73-7F7C-4AB2-A989-227DF8EC367A}"
	ProjectSection(SolutionItems) = preProject
		..\.editorconfig = ..\.editorconfig
		CommonBuildSettings.targets = CommonBuildSettings.targets
		pack.fsx = pack.fsx
		release.fsx = release.fsx
	EndProjectSection
EndProject
Project("{6EC3EE1D-3C4E-46DD-8F32-0CC8E7565705}") = "Server.Tests", "test\Server.Tests\Server.Tests.fsproj", "{822A474D-E6CC-44A1-B527-0039222DCE9C}"
EndProject
Project("{6EC3EE1D-3C4E-46DD-8F32-0CC8E7565705}") = "LuaChecker.Syntax", "src\LuaChecker.Syntax\LuaChecker.Syntax.fsproj", "{3391E4E8-23A4-46E2-BFFE-CD088C696062}"
EndProject
Project("{6EC3EE1D-3C4E-46DD-8F32-0CC8E7565705}") = "LuaChecker.Test.Helpers", "test\LuaChecker.Test.Helpers\LuaChecker.Test.Helpers.fsproj", "{43C99B80-3F39-441A-A261-E8CE71A4DD04}"
EndProject
Project("{2150E333-8FDC-42A3-9474-1A3956D46DE8}") = "analyzers", "analyzers", "{8EE59FF4-26AB-466D-8DC4-3E1DB8B5B682}"
EndProject
Project("{6EC3EE1D-3C4E-46DD-8F32-0CC8E7565705}") = "UnusedMemberAssemblyAnalyzer", "analyzers\UnusedMemberAssemblyAnalyzer\UnusedMemberAssemblyAnalyzer.fsproj", "{5CF2F285-3DDB-4405-999D-631C5134347E}"
EndProject
Project("{6EC3EE1D-3C4E-46DD-8F32-0CC8E7565705}") = "AnalyzerMain", "analyzers\AnalyzerMain\AnalyzerMain.fsproj", "{E1962383-8788-4F58-B376-035BFAF13FE9}"
EndProject
Global
	GlobalSection(SolutionConfigurationPlatforms) = preSolution
		Debug|Any CPU = Debug|Any CPU
		Debug|x64 = Debug|x64
		Debug|x86 = Debug|x86
		Release|Any CPU = Release|Any CPU
		Release|x64 = Release|x64
		Release|x86 = Release|x86
	EndGlobalSection
	GlobalSection(ProjectConfigurationPlatforms) = postSolution
		{5770A20B-F2ED-4698-B5F2-C7E1E81CBE7F}.Debug|Any CPU.ActiveCfg = Debug|Any CPU
		{5770A20B-F2ED-4698-B5F2-C7E1E81CBE7F}.Debug|Any CPU.Build.0 = Debug|Any CPU
		{5770A20B-F2ED-4698-B5F2-C7E1E81CBE7F}.Debug|x64.ActiveCfg = Debug|Any CPU
		{5770A20B-F2ED-4698-B5F2-C7E1E81CBE7F}.Debug|x64.Build.0 = Debug|Any CPU
		{5770A20B-F2ED-4698-B5F2-C7E1E81CBE7F}.Debug|x86.ActiveCfg = Debug|Any CPU
		{5770A20B-F2ED-4698-B5F2-C7E1E81CBE7F}.Debug|x86.Build.0 = Debug|Any CPU
		{5770A20B-F2ED-4698-B5F2-C7E1E81CBE7F}.Release|Any CPU.ActiveCfg = Release|Any CPU
		{5770A20B-F2ED-4698-B5F2-C7E1E81CBE7F}.Release|Any CPU.Build.0 = Release|Any CPU
		{5770A20B-F2ED-4698-B5F2-C7E1E81CBE7F}.Release|x64.ActiveCfg = Release|Any CPU
		{5770A20B-F2ED-4698-B5F2-C7E1E81CBE7F}.Release|x64.Build.0 = Release|Any CPU
		{5770A20B-F2ED-4698-B5F2-C7E1E81CBE7F}.Release|x86.ActiveCfg = Release|Any CPU
		{5770A20B-F2ED-4698-B5F2-C7E1E81CBE7F}.Release|x86.Build.0 = Release|Any CPU
		{E23FAEBA-E334-4BB9-84B2-FCAD089DD803}.Debug|Any CPU.ActiveCfg = Debug|Any CPU
		{E23FAEBA-E334-4BB9-84B2-FCAD089DD803}.Debug|Any CPU.Build.0 = Debug|Any CPU
		{E23FAEBA-E334-4BB9-84B2-FCAD089DD803}.Debug|x64.ActiveCfg = Debug|Any CPU
		{E23FAEBA-E334-4BB9-84B2-FCAD089DD803}.Debug|x64.Build.0 = Debug|Any CPU
		{E23FAEBA-E334-4BB9-84B2-FCAD089DD803}.Debug|x86.ActiveCfg = Debug|Any CPU
		{E23FAEBA-E334-4BB9-84B2-FCAD089DD803}.Debug|x86.Build.0 = Debug|Any CPU
		{E23FAEBA-E334-4BB9-84B2-FCAD089DD803}.Release|Any CPU.ActiveCfg = Release|Any CPU
		{E23FAEBA-E334-4BB9-84B2-FCAD089DD803}.Release|Any CPU.Build.0 = Release|Any CPU
		{E23FAEBA-E334-4BB9-84B2-FCAD089DD803}.Release|x64.ActiveCfg = Release|Any CPU
		{E23FAEBA-E334-4BB9-84B2-FCAD089DD803}.Release|x64.Build.0 = Release|Any CPU
		{E23FAEBA-E334-4BB9-84B2-FCAD089DD803}.Release|x86.ActiveCfg = Release|Any CPU
		{E23FAEBA-E334-4BB9-84B2-FCAD089DD803}.Release|x86.Build.0 = Release|Any CPU
		{45D0B2BE-45B2-4B2B-9CBF-6BBF784E7C86}.Debug|Any CPU.ActiveCfg = Debug|Any CPU
		{45D0B2BE-45B2-4B2B-9CBF-6BBF784E7C86}.Debug|Any CPU.Build.0 = Debug|Any CPU
		{45D0B2BE-45B2-4B2B-9CBF-6BBF784E7C86}.Debug|x64.ActiveCfg = Debug|Any CPU
		{45D0B2BE-45B2-4B2B-9CBF-6BBF784E7C86}.Debug|x64.Build.0 = Debug|Any CPU
		{45D0B2BE-45B2-4B2B-9CBF-6BBF784E7C86}.Debug|x86.ActiveCfg = Debug|Any CPU
		{45D0B2BE-45B2-4B2B-9CBF-6BBF784E7C86}.Debug|x86.Build.0 = Debug|Any CPU
		{45D0B2BE-45B2-4B2B-9CBF-6BBF784E7C86}.Release|Any CPU.ActiveCfg = Release|Any CPU
		{45D0B2BE-45B2-4B2B-9CBF-6BBF784E7C86}.Release|Any CPU.Build.0 = Release|Any CPU
		{45D0B2BE-45B2-4B2B-9CBF-6BBF784E7C86}.Release|x64.ActiveCfg = Release|Any CPU
		{45D0B2BE-45B2-4B2B-9CBF-6BBF784E7C86}.Release|x64.Build.0 = Release|Any CPU
		{45D0B2BE-45B2-4B2B-9CBF-6BBF784E7C86}.Release|x86.ActiveCfg = Release|Any CPU
		{45D0B2BE-45B2-4B2B-9CBF-6BBF784E7C86}.Release|x86.Build.0 = Release|Any CPU
		{17D55A06-B333-4807-874D-D0DF0616B841}.Debug|Any CPU.ActiveCfg = Debug|Any CPU
		{17D55A06-B333-4807-874D-D0DF0616B841}.Debug|Any CPU.Build.0 = Debug|Any CPU
		{17D55A06-B333-4807-874D-D0DF0616B841}.Debug|x64.ActiveCfg = Debug|Any CPU
		{17D55A06-B333-4807-874D-D0DF0616B841}.Debug|x64.Build.0 = Debug|Any CPU
		{17D55A06-B333-4807-874D-D0DF0616B841}.Debug|x86.ActiveCfg = Debug|Any CPU
		{17D55A06-B333-4807-874D-D0DF0616B841}.Debug|x86.Build.0 = Debug|Any CPU
		{17D55A06-B333-4807-874D-D0DF0616B841}.Release|Any CPU.ActiveCfg = Release|Any CPU
		{17D55A06-B333-4807-874D-D0DF0616B841}.Release|Any CPU.Build.0 = Release|Any CPU
		{17D55A06-B333-4807-874D-D0DF0616B841}.Release|x64.ActiveCfg = Release|Any CPU
		{17D55A06-B333-4807-874D-D0DF0616B841}.Release|x64.Build.0 = Release|Any CPU
		{17D55A06-B333-4807-874D-D0DF0616B841}.Release|x86.ActiveCfg = Release|Any CPU
		{17D55A06-B333-4807-874D-D0DF0616B841}.Release|x86.Build.0 = Release|Any CPU
		{EF38915B-7FC9-4DF4-8DB6-BFB95B064AE9}.Debug|Any CPU.ActiveCfg = Debug|Any CPU
		{EF38915B-7FC9-4DF4-8DB6-BFB95B064AE9}.Debug|Any CPU.Build.0 = Debug|Any CPU
		{EF38915B-7FC9-4DF4-8DB6-BFB95B064AE9}.Debug|x64.ActiveCfg = Debug|Any CPU
		{EF38915B-7FC9-4DF4-8DB6-BFB95B064AE9}.Debug|x64.Build.0 = Debug|Any CPU
		{EF38915B-7FC9-4DF4-8DB6-BFB95B064AE9}.Debug|x86.ActiveCfg = Debug|Any CPU
		{EF38915B-7FC9-4DF4-8DB6-BFB95B064AE9}.Debug|x86.Build.0 = Debug|Any CPU
		{EF38915B-7FC9-4DF4-8DB6-BFB95B064AE9}.Release|Any CPU.ActiveCfg = Release|Any CPU
		{EF38915B-7FC9-4DF4-8DB6-BFB95B064AE9}.Release|Any CPU.Build.0 = Release|Any CPU
		{EF38915B-7FC9-4DF4-8DB6-BFB95B064AE9}.Release|x64.ActiveCfg = Release|Any CPU
		{EF38915B-7FC9-4DF4-8DB6-BFB95B064AE9}.Release|x64.Build.0 = Release|Any CPU
		{EF38915B-7FC9-4DF4-8DB6-BFB95B064AE9}.Release|x86.ActiveCfg = Release|Any CPU
		{EF38915B-7FC9-4DF4-8DB6-BFB95B064AE9}.Release|x86.Build.0 = Release|Any CPU
		{16B927A7-FC6F-480F-B470-BF8F37D8C145}.Debug|Any CPU.ActiveCfg = Debug|Any CPU
		{16B927A7-FC6F-480F-B470-BF8F37D8C145}.Debug|Any CPU.Build.0 = Debug|Any CPU
		{16B927A7-FC6F-480F-B470-BF8F37D8C145}.Debug|x64.ActiveCfg = Debug|Any CPU
		{16B927A7-FC6F-480F-B470-BF8F37D8C145}.Debug|x64.Build.0 = Debug|Any CPU
		{16B927A7-FC6F-480F-B470-BF8F37D8C145}.Debug|x86.ActiveCfg = Debug|Any CPU
		{16B927A7-FC6F-480F-B470-BF8F37D8C145}.Debug|x86.Build.0 = Debug|Any CPU
		{16B927A7-FC6F-480F-B470-BF8F37D8C145}.Release|Any CPU.ActiveCfg = Release|Any CPU
		{16B927A7-FC6F-480F-B470-BF8F37D8C145}.Release|Any CPU.Build.0 = Release|Any CPU
		{16B927A7-FC6F-480F-B470-BF8F37D8C145}.Release|x64.ActiveCfg = Release|Any CPU
		{16B927A7-FC6F-480F-B470-BF8F37D8C145}.Release|x64.Build.0 = Release|Any CPU
		{16B927A7-FC6F-480F-B470-BF8F37D8C145}.Release|x86.ActiveCfg = Release|Any CPU
		{16B927A7-FC6F-480F-B470-BF8F37D8C145}.Release|x86.Build.0 = Release|Any CPU
		{ED3A8261-DF9F-421F-B7B0-DAFA192163D6}.Debug|Any CPU.ActiveCfg = Debug|Any CPU
		{ED3A8261-DF9F-421F-B7B0-DAFA192163D6}.Debug|Any CPU.Build.0 = Debug|Any CPU
		{ED3A8261-DF9F-421F-B7B0-DAFA192163D6}.Debug|x64.ActiveCfg = Debug|Any CPU
		{ED3A8261-DF9F-421F-B7B0-DAFA192163D6}.Debug|x64.Build.0 = Debug|Any CPU
		{ED3A8261-DF9F-421F-B7B0-DAFA192163D6}.Debug|x86.ActiveCfg = Debug|Any CPU
		{ED3A8261-DF9F-421F-B7B0-DAFA192163D6}.Debug|x86.Build.0 = Debug|Any CPU
		{ED3A8261-DF9F-421F-B7B0-DAFA192163D6}.Release|Any CPU.ActiveCfg = Release|Any CPU
		{ED3A8261-DF9F-421F-B7B0-DAFA192163D6}.Release|Any CPU.Build.0 = Release|Any CPU
		{ED3A8261-DF9F-421F-B7B0-DAFA192163D6}.Release|x64.ActiveCfg = Release|Any CPU
		{ED3A8261-DF9F-421F-B7B0-DAFA192163D6}.Release|x64.Build.0 = Release|Any CPU
		{ED3A8261-DF9F-421F-B7B0-DAFA192163D6}.Release|x86.ActiveCfg = Release|Any CPU
		{ED3A8261-DF9F-421F-B7B0-DAFA192163D6}.Release|x86.Build.0 = Release|Any CPU
		{822A474D-E6CC-44A1-B527-0039222DCE9C}.Debug|Any CPU.ActiveCfg = Debug|Any CPU
		{822A474D-E6CC-44A1-B527-0039222DCE9C}.Debug|Any CPU.Build.0 = Debug|Any CPU
		{822A474D-E6CC-44A1-B527-0039222DCE9C}.Debug|x64.ActiveCfg = Debug|Any CPU
		{822A474D-E6CC-44A1-B527-0039222DCE9C}.Debug|x64.Build.0 = Debug|Any CPU
		{822A474D-E6CC-44A1-B527-0039222DCE9C}.Debug|x86.ActiveCfg = Debug|Any CPU
		{822A474D-E6CC-44A1-B527-0039222DCE9C}.Debug|x86.Build.0 = Debug|Any CPU
		{822A474D-E6CC-44A1-B527-0039222DCE9C}.Release|Any CPU.ActiveCfg = Release|Any CPU
		{822A474D-E6CC-44A1-B527-0039222DCE9C}.Release|Any CPU.Build.0 = Release|Any CPU
		{822A474D-E6CC-44A1-B527-0039222DCE9C}.Release|x64.ActiveCfg = Release|Any CPU
		{822A474D-E6CC-44A1-B527-0039222DCE9C}.Release|x64.Build.0 = Release|Any CPU
		{822A474D-E6CC-44A1-B527-0039222DCE9C}.Release|x86.ActiveCfg = Release|Any CPU
		{822A474D-E6CC-44A1-B527-0039222DCE9C}.Release|x86.Build.0 = Release|Any CPU
		{3391E4E8-23A4-46E2-BFFE-CD088C696062}.Debug|Any CPU.ActiveCfg = Debug|Any CPU
		{3391E4E8-23A4-46E2-BFFE-CD088C696062}.Debug|Any CPU.Build.0 = Debug|Any CPU
		{3391E4E8-23A4-46E2-BFFE-CD088C696062}.Debug|x64.ActiveCfg = Debug|Any CPU
		{3391E4E8-23A4-46E2-BFFE-CD088C696062}.Debug|x64.Build.0 = Debug|Any CPU
		{3391E4E8-23A4-46E2-BFFE-CD088C696062}.Debug|x86.ActiveCfg = Debug|Any CPU
		{3391E4E8-23A4-46E2-BFFE-CD088C696062}.Debug|x86.Build.0 = Debug|Any CPU
		{3391E4E8-23A4-46E2-BFFE-CD088C696062}.Release|Any CPU.ActiveCfg = Release|Any CPU
		{3391E4E8-23A4-46E2-BFFE-CD088C696062}.Release|Any CPU.Build.0 = Release|Any CPU
		{3391E4E8-23A4-46E2-BFFE-CD088C696062}.Release|x64.ActiveCfg = Release|Any CPU
		{3391E4E8-23A4-46E2-BFFE-CD088C696062}.Release|x64.Build.0 = Release|Any CPU
		{3391E4E8-23A4-46E2-BFFE-CD088C696062}.Release|x86.ActiveCfg = Release|Any CPU
		{3391E4E8-23A4-46E2-BFFE-CD088C696062}.Release|x86.Build.0 = Release|Any CPU
		{43C99B80-3F39-441A-A261-E8CE71A4DD04}.Debug|Any CPU.ActiveCfg = Debug|Any CPU
		{43C99B80-3F39-441A-A261-E8CE71A4DD04}.Debug|Any CPU.Build.0 = Debug|Any CPU
		{43C99B80-3F39-441A-A261-E8CE71A4DD04}.Debug|x64.ActiveCfg = Debug|Any CPU
		{43C99B80-3F39-441A-A261-E8CE71A4DD04}.Debug|x64.Build.0 = Debug|Any CPU
		{43C99B80-3F39-441A-A261-E8CE71A4DD04}.Debug|x86.ActiveCfg = Debug|Any CPU
		{43C99B80-3F39-441A-A261-E8CE71A4DD04}.Debug|x86.Build.0 = Debug|Any CPU
		{43C99B80-3F39-441A-A261-E8CE71A4DD04}.Release|Any CPU.ActiveCfg = Release|Any CPU
		{43C99B80-3F39-441A-A261-E8CE71A4DD04}.Release|Any CPU.Build.0 = Release|Any CPU
		{43C99B80-3F39-441A-A261-E8CE71A4DD04}.Release|x64.ActiveCfg = Release|Any CPU
		{43C99B80-3F39-441A-A261-E8CE71A4DD04}.Release|x64.Build.0 = Release|Any CPU
		{43C99B80-3F39-441A-A261-E8CE71A4DD04}.Release|x86.ActiveCfg = Release|Any CPU
		{43C99B80-3F39-441A-A261-E8CE71A4DD04}.Release|x86.Build.0 = Release|Any CPU
		{5CF2F285-3DDB-4405-999D-631C5134347E}.Debug|Any CPU.ActiveCfg = Debug|Any CPU
		{5CF2F285-3DDB-4405-999D-631C5134347E}.Debug|Any CPU.Build.0 = Debug|Any CPU
		{5CF2F285-3DDB-4405-999D-631C5134347E}.Debug|x64.ActiveCfg = Debug|Any CPU
		{5CF2F285-3DDB-4405-999D-631C5134347E}.Debug|x64.Build.0 = Debug|Any CPU
		{5CF2F285-3DDB-4405-999D-631C5134347E}.Debug|x86.ActiveCfg = Debug|Any CPU
		{5CF2F285-3DDB-4405-999D-631C5134347E}.Debug|x86.Build.0 = Debug|Any CPU
		{5CF2F285-3DDB-4405-999D-631C5134347E}.Release|Any CPU.ActiveCfg = Release|Any CPU
		{5CF2F285-3DDB-4405-999D-631C5134347E}.Release|Any CPU.Build.0 = Release|Any CPU
		{5CF2F285-3DDB-4405-999D-631C5134347E}.Release|x64.ActiveCfg = Release|Any CPU
		{5CF2F285-3DDB-4405-999D-631C5134347E}.Release|x64.Build.0 = Release|Any CPU
		{5CF2F285-3DDB-4405-999D-631C5134347E}.Release|x86.ActiveCfg = Release|Any CPU
		{5CF2F285-3DDB-4405-999D-631C5134347E}.Release|x86.Build.0 = Release|Any CPU
		{E1962383-8788-4F58-B376-035BFAF13FE9}.Debug|Any CPU.ActiveCfg = Debug|Any CPU
		{E1962383-8788-4F58-B376-035BFAF13FE9}.Debug|Any CPU.Build.0 = Debug|Any CPU
		{E1962383-8788-4F58-B376-035BFAF13FE9}.Debug|x64.ActiveCfg = Debug|Any CPU
		{E1962383-8788-4F58-B376-035BFAF13FE9}.Debug|x64.Build.0 = Debug|Any CPU
		{E1962383-8788-4F58-B376-035BFAF13FE9}.Debug|x86.ActiveCfg = Debug|Any CPU
		{E1962383-8788-4F58-B376-035BFAF13FE9}.Debug|x86.Build.0 = Debug|Any CPU
		{E1962383-8788-4F58-B376-035BFAF13FE9}.Release|Any CPU.ActiveCfg = Release|Any CPU
		{E1962383-8788-4F58-B376-035BFAF13FE9}.Release|Any CPU.Build.0 = Release|Any CPU
		{E1962383-8788-4F58-B376-035BFAF13FE9}.Release|x64.ActiveCfg = Release|Any CPU
		{E1962383-8788-4F58-B376-035BFAF13FE9}.Release|x64.Build.0 = Release|Any CPU
		{E1962383-8788-4F58-B376-035BFAF13FE9}.Release|x86.ActiveCfg = Release|Any CPU
		{E1962383-8788-4F58-B376-035BFAF13FE9}.Release|x86.Build.0 = Release|Any CPU
	EndGlobalSection
	GlobalSection(SolutionProperties) = preSolution
		HideSolutionNode = FALSE
	EndGlobalSection
	GlobalSection(NestedProjects) = preSolution
		{5770A20B-F2ED-4698-B5F2-C7E1E81CBE7F} = {4E1E296F-80F9-4877-9253-D1EE43F6AB72}
		{E23FAEBA-E334-4BB9-84B2-FCAD089DD803} = {6ABE3D27-26FF-4049-8988-04823950AC96}
		{45D0B2BE-45B2-4B2B-9CBF-6BBF784E7C86} = {4E1E296F-80F9-4877-9253-D1EE43F6AB72}
		{17D55A06-B333-4807-874D-D0DF0616B841} = {4E1E296F-80F9-4877-9253-D1EE43F6AB72}
		{EF38915B-7FC9-4DF4-8DB6-BFB95B064AE9} = {6ABE3D27-26FF-4049-8988-04823950AC96}
		{16B927A7-FC6F-480F-B470-BF8F37D8C145} = {4E1E296F-80F9-4877-9253-D1EE43F6AB72}
		{ED3A8261-DF9F-421F-B7B0-DAFA192163D6} = {4E1E296F-80F9-4877-9253-D1EE43F6AB72}
		{822A474D-E6CC-44A1-B527-0039222DCE9C} = {6ABE3D27-26FF-4049-8988-04823950AC96}
		{3391E4E8-23A4-46E2-BFFE-CD088C696062} = {4E1E296F-80F9-4877-9253-D1EE43F6AB72}
		{43C99B80-3F39-441A-A261-E8CE71A4DD04} = {6ABE3D27-26FF-4049-8988-04823950AC96}
		{5CF2F285-3DDB-4405-999D-631C5134347E} = {8EE59FF4-26AB-466D-8DC4-3E1DB8B5B682}
		{E1962383-8788-4F58-B376-035BFAF13FE9} = {8EE59FF4-26AB-466D-8DC4-3E1DB8B5B682}
	EndGlobalSection
	GlobalSection(ExtensibilityGlobals) = postSolution
		SolutionGuid = {5B436325-492F-49F2-9447-2E352AFBED43}
	EndGlobalSection
EndGlobal
